Microsoft Visual Studio Solution File, Format Version 12.00
# Visual Studio 2012
Project("{FAE04EC0-301F-11D3-BF4B-00C04F79EFBC}") = "Dungeon Breakers Project", "Dungeon Breakers Project.csproj", "{A7CCBFBC-5D24-4EA9-8E28-01F94057CDA0}"
EndProject
Global
	GlobalSection(SolutionConfigurationPlatforms) = preSolution
	Debug|Any CPU = Debug|Any CPU
	ExportDebug|Any CPU = ExportDebug|Any CPU
	ExportRelease|Any CPU = ExportRelease|Any CPU
	EndGlobalSection
	GlobalSection(ProjectConfigurationPlatforms) = postSolution
		{A7CCBFBC-5D24-4EA9-8E28-01F94057CDA0}.Debug|Any CPU.ActiveCfg = Debug|Any CPU
		{A7CCBFBC-5D24-4EA9-8E28-01F94057CDA0}.Debug|Any CPU.Build.0 = Debug|Any CPU
		{A7CCBFBC-5D24-4EA9-8E28-01F94057CDA0}.ExportDebug|Any CPU.ActiveCfg = ExportDebug|Any CPU
		{A7CCBFBC-5D24-4EA9-8E28-01F94057CDA0}.ExportDebug|Any CPU.Build.0 = ExportDebug|Any CPU
		{A7CCBFBC-5D24-4EA9-8E28-01F94057CDA0}.ExportRelease|Any CPU.ActiveCfg = ExportRelease|Any CPU
		{A7CCBFBC-5D24-4EA9-8E28-01F94057CDA0}.ExportRelease|Any CPU.Build.0 = ExportRelease|Any CPU
	EndGlobalSection
EndGlobal
